{
    "_readme": [
        "This file locks the dependencies of your project to a known state",
        "Read more about it at http://getcomposer.org/doc/01-basic-usage.md#composer-lock-the-lock-file",
        "This file is @generated automatically"
    ],
    "hash": "3a1c4d4c51e6845fb55d24b42565eba7",
    "packages": [
        {
            "name": "2amigos/yiistrap",
            "version": "dev-master",
            "source": {
                "type": "git",
                "url": "https://github.com/2amigos/yiistrap.git",
                "reference": "db3352a9764806d042b882de57559777e9da7b96"
            },
            "dist": {
                "type": "zip",
                "url": "https://api.github.com/repos/2amigos/yiistrap/zipball/db3352a9764806d042b882de57559777e9da7b96",
                "reference": "db3352a9764806d042b882de57559777e9da7b96",
                "shasum": ""
            },
            "require-dev": {
                "codeception/codeception": "@stable",
                "crisu83/yii-composer": ">=1.0.0",
                "yiisoft/yii": ">=1.1.13"
            },
            "type": "library",
            "extra": {
                "yii-install-writable": [
                    "tests/_log"
                ]
            },
            "autoload": {
                "classmap": [
                    "behaviors/",
                    "components/",
                    "form/",
                    "helpers/",
                    "widgets/"
                ]
            },
            "notification-url": "https://packagist.org/downloads/",
            "license": [
                "BSD-3-Clause"
            ],
            "authors": [
                {
                    "name": "Christoffer Niska",
                    "email": "christoffer.niska@gmail.com",
                    "homepage": "http://www.cniska.net/"
                },
                {
                    "name": "Antonio Ramirez",
                    "email": "ramirez.cobos@gmail.com",
                    "homepage": "http://www.ramirezcobos.com/"
                }
            ],
            "description": "Twitter Bootstrap for the Yii PHP framework. Own maintained version.",
            "keywords": [
                "bootstrap",
                "yii"
            ],
            "time": "2014-09-03 06:31:45"
        },
        {
            "name": "2amigos/yiiwheels",
            "version": "dev-master",
            "source": {
                "type": "git",
                "url": "https://github.com/2amigos/yiiwheels.git",
                "reference": "ff48faf1c958da52743b15b7f2938a2bfa667ad7"
            },
            "dist": {
                "type": "zip",
                "url": "https://api.github.com/repos/2amigos/yiiwheels/zipball/ff48faf1c958da52743b15b7f2938a2bfa667ad7",
                "reference": "ff48faf1c958da52743b15b7f2938a2bfa667ad7",
                "shasum": ""
            },
            "require": {
                "2amigos/yiistrap": "dev-master"
            },
            "require-dev": {
                "php": ">=5.3.0",
                "yiisoft/yii": ">=1.1.13"
            },
            "type": "yii-extension",
            "notification-url": "https://packagist.org/downloads/",
            "license": [
                "BSD-3-Clause"
            ],
            "authors": [
                {
                    "name": "Antonio Ramirez",
                    "email": "ramirez.cobos@gmail.com",
                    "homepage": "http://www.ramirezcobos.com/"
                }
            ],
            "description": "Extension library for Yiistrap, Yii Twitter's Bootstrap.",
            "keywords": [
                "bootstrap",
                "yii"
            ],
            "time": "2014-12-15 17:42:40"
        },
        {
            "name": "ar-php/ar-php",
            "version": "dev-master",
            "source": {
                "type": "git",
                "url": "https://github.com/tawfekov/ar-php.git",
                "reference": "92657a9ef39cb1aad4b08364895523939dcd3803"
            },
            "dist": {
                "type": "zip",
                "url": "https://api.github.com/repos/tawfekov/ar-php/zipball/92657a9ef39cb1aad4b08364895523939dcd3803",
                "reference": "92657a9ef39cb1aad4b08364895523939dcd3803",
                "shasum": ""
            },
            "require": {
                "php": ">=5.3.0"
            },
            "type": "library",
            "autoload": {
                "psr-0": {
                    "Arphp": "src/"
                },
                " classmap ": [
                    "autoload_classmap.php "
                ]
            },
            "notification-url": "https://packagist.org/downloads/",
            "license": [
                "LGPL"
            ],
            "authors": [
                {
                    "name": "Khaled Al-Sham'aa",
                    "email": "khaled@ar-php.org",
                    "homepage": "http://www.ar-php.org/"
                },
                {
                    "name": "tawfek daghistani",
                    "email": "tawfekov@gmail.com",
                    "homepage": "http://www.dagho.com/"
                }
            ],
            "description": "helper libaray for dealing with arabic language",
            "homepage": "http://www.ar-php.org/",
            "time": "2012-11-03 12:29:33"
        },
        {
            "name": "crisu83/yiistrap",
            "version": "dev-bs3",
            "source": {
                "type": "git",
                "url": "https://github.com/crisu83/yiistrap.git",
                "reference": "ade2580f39ce5eed6f73d162473019d2be5c1597"
            },
            "dist": {
                "type": "zip",
                "url": "https://api.github.com/repos/crisu83/yiistrap/zipball/ade2580f39ce5eed6f73d162473019d2be5c1597",
                "reference": "ade2580f39ce5eed6f73d162473019d2be5c1597",
                "shasum": ""
            },
            "require": {
                "twbs/bootstrap": ">=3.1.1"
            },
            "require-dev": {
                "codeception/codeception": "@stable",
                "crisu83/yii-composer": ">=1.0.0",
                "yiisoft/yii": ">=1.1.13"
            },
            "type": "library",
            "extra": {
                "yii-install-writable": [
                    "tests/_log"
                ]
            },
            "autoload": {
                "classmap": [
                    "behaviors/",
                    "components/",
                    "form/",
                    "helpers/",
                    "widgets/",
                    "gii/bootstrap/BootstrapCode.php"
                ]
            },
            "notification-url": "https://packagist.org/downloads/",
            "license": [
                "BSD-3-Clause"
            ],
            "authors": [
                {
                    "name": "Christoffer Niska",
                    "email": "christoffer.niska@gmail.com",
                    "homepage": "http://www.cniska.net/"
                },
                {
                    "name": "Antonio Ramirez",
                    "email": "ramirez.cobos@gmail.com",
                    "homepage": "http://www.ramirezcobos.com/"
                }
            ],
            "description": "Twitter Bootstrap for the Yii PHP framework.",
            "keywords": [
                "bootstrap",
                "yii"
            ],
            "time": "2015-01-29 22:04:07"
        },
        {
            "name": "jsonrpc/jsonrpc",
            "version": "dev-master",
            "source": {
                "type": "git",
                "url": "https://github.com/johnstevenson/jsonrpc.git",
                "reference": "8cd385ae8b10bfe74d52a22661c8a0511b04fd48"
            },
            "dist": {
                "type": "zip",
                "url": "https://api.github.com/repos/johnstevenson/jsonrpc/zipball/8cd385ae8b10bfe74d52a22661c8a0511b04fd48",
                "reference": "8cd385ae8b10bfe74d52a22661c8a0511b04fd48",
                "shasum": ""
            },
            "require": {
                "php": ">=5.3.0"
            },
            "type": "library",
            "autoload": {
                "psr-0": {
                    "JsonRpc": "src/"
                }
            },
            "notification-url": "https://packagist.org/downloads/",
            "license": [
                "MIT"
            ],
            "authors": [
                {
                    "name": "John Stevenson",
                    "email": "john-stevenson@blueyonder.co.uk"
                }
            ],
            "description": "JSON-RPC 2.0 client/server implementation",
            "homepage": "http://github.com/johnstevenson/jsonrpc",
            "keywords": [
                "api",
                "json",
                "json-rpc",
                "rpc"
            ],
            "time": "2013-04-12 10:33:44"
        },
        {
            "name": "phpmailer/phpmailer",
            "version": "dev-master",
            "source": {
                "type": "git",
                "url": "https://github.com/PHPMailer/PHPMailer.git",
                "reference": "c00fdf7b9aa7452650f852497cefe3152af553e7"
            },
            "dist": {
                "type": "zip",
                "url": "https://api.github.com/repos/PHPMailer/PHPMailer/zipball/c00fdf7b9aa7452650f852497cefe3152af553e7",
                "reference": "c00fdf7b9aa7452650f852497cefe3152af553e7",
                "shasum": ""
            },
            "require": {
                "php": ">=5.0.0"
            },
            "require-dev": {
                "phpdocumentor/phpdocumentor": "*",
                "phpunit/phpunit": "4.3.*"
            },
            "type": "library",
            "autoload": {
                "classmap": [
                    "class.phpmailer.php",
                    "class.pop3.php",
                    "class.smtp.php"
                ]
            },
            "notification-url": "https://packagist.org/downloads/",
            "license": [
                "LGPL-2.1"
            ],
            "authors": [
                {
                    "name": "Jim Jagielski",
                    "email": "jimjag@gmail.com"
                },
                {
                    "name": "Marcus Bointon",
                    "email": "phpmailer@synchromedia.co.uk"
                },
                {
                    "name": "Andy Prevost",
                    "email": "codeworxtech@users.sourceforge.net"
                },
                {
                    "name": "Brent R. Matzelle"
                }
            ],
            "description": "PHPMailer is a full-featured email creation and transfer class for PHP",
            "time": "2015-01-28 11:18:11"
        },
        {
            "name": "tecnick.com/tcpdf",
            "version": "dev-master",
            "source": {
                "type": "git",
                "url": "https://github.com/tecnickcom/TCPDF.git",
                "reference": "a2e8f5b505a7a14a4ed960313c4baf699fd1f4bb"
            },
            "dist": {
                "type": "zip",
                "url": "https://api.github.com/repos/tecnickcom/TCPDF/zipball/a2e8f5b505a7a14a4ed960313c4baf699fd1f4bb",
                "reference": "a2e8f5b505a7a14a4ed960313c4baf699fd1f4bb",
                "shasum": ""
            },
            "require": {
                "php": ">=5.3.0"
            },
            "type": "library",
            "autoload": {
                "classmap": [
                    "fonts",
                    "config",
                    "include",
                    "tcpdf.php",
                    "tcpdf_parser.php",
                    "tcpdf_import.php",
                    "tcpdf_barcodes_1d.php",
                    "tcpdf_barcodes_2d.php",
                    "include/tcpdf_colors.php",
                    "include/tcpdf_filters.php",
                    "include/tcpdf_font_data.php",
                    "include/tcpdf_fonts.php",
                    "include/tcpdf_images.php",
                    "include/tcpdf_static.php",
                    "include/barcodes/datamatrix.php",
                    "include/barcodes/pdf417.php",
                    "include/barcodes/qrcode.php"
                ]
            },
            "notification-url": "https://packagist.org/downloads/",
            "license": [
                "LGPLv3"
            ],
            "authors": [
                {
                    "name": "Nicola Asuni",
                    "email": "info@tecnick.com",
                    "homepage": "http://nicolaasuni.tecnick.com"
                }
            ],
            "description": "TCPDF is a PHP class for generating PDF documents and barcodes.",
            "homepage": "http://www.tcpdf.org/",
            "keywords": [
                "PDFD32000-2008",
                "TCPDF",
                "barcodes",
                "datamatrix",
                "pdf",
                "pdf417",
                "qrcode"
            ],
            "time": "2015-01-28 18:51:40"
        },
        {
            "name": "twbs/bootstrap",
            "version": "dev-master",
            "source": {
                "type": "git",
                "url": "https://github.com/twbs/bootstrap.git",
                "reference": "97e5ac1c92227c85599b7a20f610890c008ec90c"
            },
            "dist": {
                "type": "zip",
                "url": "https://api.github.com/repos/twbs/bootstrap/zipball/97e5ac1c92227c85599b7a20f610890c008ec90c",
                "reference": "97e5ac1c92227c85599b7a20f610890c008ec90c",
                "shasum": ""
            },
            "replace": {
                "twitter/bootstrap": "self.version"
            },
            "type": "library",
            "extra": {
                "branch-alias": {
                    "dev-master": "3.3.x-dev"
                }
            },
            "notification-url": "https://packagist.org/downloads/",
            "license": [
                "MIT"
            ],
            "authors": [
                {
                    "name": "Jacob Thornton",
                    "email": "jacobthornton@gmail.com"
                },
                {
                    "name": "Mark Otto",
                    "email": "markdotto@gmail.com"
                }
            ],
            "description": "The most popular front-end framework for developing responsive, mobile first projects on the web.",
            "homepage": "http://getbootstrap.com",
            "keywords": [
                "JS",
                "css",
                "framework",
                "front-end",
                "less",
                "mobile-first",
                "responsive",
                "web"
            ],
            "time": "2015-01-30 02:00:49"
        },
        {
            "name": "yiisoft/yii",
            "version": "dev-master",
            "source": {
                "type": "git",
                "url": "https://github.com/yiisoft/yii.git",
                "reference": "4d601042682b393008debd65118504aa1e7638f7"
            },
            "dist": {
                "type": "zip",
                "url": "https://api.github.com/repos/yiisoft/yii/zipball/4d601042682b393008debd65118504aa1e7638f7",
                "reference": "4d601042682b393008debd65118504aa1e7638f7",
                "shasum": ""
            },
            "require": {
                "php": ">=5.1.0"
            },
            "bin": [
                "framework/yiic"
            ],
            "type": "library",
            "autoload": {
                "classmap": [
                    "framework/YiiBase.php",
                    "framework/yii.php"
                ]
            },
            "notification-url": "https://packagist.org/downloads/",
            "license": [
                "BSD-3-Clause"
            ],
            "authors": [
                {
                    "name": "Qiang Xue",
                    "email": "qiang.xue@gmail.com",
                    "homepage": "http://www.yiiframework.com/",
                    "role": "Founder and project lead"
                },
                {
                    "name": "Alexander Makarov",
                    "email": "sam@rmcreative.ru",
                    "homepage": "http://rmcreative.ru/",
                    "role": "Core framework development"
                },
                {
                    "name": "Maurizio Domba",
                    "homepage": "http://mdomba.info/",
                    "role": "Core framework development"
                },
                {
                    "name": "Carsten Brandt",
                    "email": "mail@cebe.cc",
                    "homepage": "http://cebe.cc/",
                    "role": "Core framework development"
                },
                {
                    "name": "Wei Zhuo",
                    "email": "weizhuo@gmail.com",
                    "role": "Project site maintenance and development"
                },
                {
                    "name": "Sebastián Thierer",
                    "email": "sebas@artfos.com",
                    "role": "Component development"
                },
                {
                    "name": "Jeffrey Winesett",
                    "email": "jefftulsa@gmail.com",
                    "role": "Documentation and marketing"
                },
                {
                    "name": "Timur Ruziev",
                    "email": "resurtm@gmail.com",
                    "homepage": "http://resurtm.com/",
                    "role": "Core framework development"
                },
                {
                    "name": "Paul Klimov",
                    "email": "klimov.paul@gmail.com",
                    "role": "Core framework development"
                }
            ],
            "description": "Yii Web Programming Framework",
            "homepage": "http://www.yiiframework.com/",
            "keywords": [
                "framework",
                "yii"
            ],
            "time": "2015-01-27 22:25:04"
        }
    ],
    "packages-dev": [],
    "aliases": [],
    "minimum-stability": "dev",
    "stability-flags": {
        "crisu83/yiistrap": 20,
        "2amigos/yiiwheels": 20,
        "yiisoft/yii": 20,
        "tecnick.com/tcpdf": 20,
        "phpmailer/phpmailer": 20,
        "jsonrpc/jsonrpc": 20,
        "ar-php/ar-php": 20
    },
    "prefer-stable": false,
    "platform": [],
    "platform-dev": []
}
