# THIS IS AN AUTOGENERATED FILE. DO NOT EDIT THIS FILE DIRECTLY.
# yarn lockfile v1


flush-promises@^1.0.2:
  version "1.0.2"
  resolved "https://registry.yarnpkg.com/flush-promises/-/flush-promises-1.0.2.tgz#4948fd58f15281fed79cbafc86293d5bb09b2ced"
  integrity sha512-G0sYfLQERwKz4+4iOZYQEZVpOt9zQrlItIxQAAYAWpfby3gbHrx0osCHz5RLl/XoXevXk0xoN4hDFky/VV9TrA==
